// !$*UTF8*$!
{
	archiveVersion = 1;
	classes = {
	};
	objectVersion = 56;
	objects = {

/* Begin PBXBuildFile section */
		F24E2E3B297F3E090066429F /* ExpenseTrackerApp.swift in Sources */ = {isa = PBXBuildFile; fileRef = F24E2E3A297F3E090066429F /* ExpenseTrackerApp.swift */; };
		F24E2E3D297F3E090066429F /* ContentView.swift in Sources */ = {isa = PBXBuildFile; fileRef = F24E2E3C297F3E090066429F /* ContentView.swift */; };
		F24E2E3F297F3E0C0066429F /* Assets.xcassets in Resources */ = {isa = PBXBuildFile; fileRef = F24E2E3E297F3E0C0066429F /* Assets.xcassets */; };
		F24E2E42297F3E0C0066429F /* Preview Assets.xcassets in Resources */ = {isa = PBXBuildFile; fileRef = F24E2E41297F3E0C0066429F /* Preview Assets.xcassets */; };
		F24E2E49297F3F8C0066429F /* Extensions.swift in Sources */ = {isa = PBXBuildFile; fileRef = F24E2E48297F3F8C0066429F /* Extensions.swift */; };
		F24E2E4B297F41270066429F /* TransactionModel.swift in Sources */ = {isa = PBXBuildFile; fileRef = F24E2E4A297F41270066429F /* TransactionModel.swift */; };
		F24E2E4D297F42040066429F /* PreviewData.swift in Sources */ = {isa = PBXBuildFile; fileRef = F24E2E4C297F42040066429F /* PreviewData.swift */; };
		F24E2E4F297F42880066429F /* TransactionRow.swift in Sources */ = {isa = PBXBuildFile; fileRef = F24E2E4E297F42880066429F /* TransactionRow.swift */; };
		F24E2E52297F467A0066429F /* SwiftUIFontIcon in Frameworks */ = {isa = PBXBuildFile; productRef = F24E2E51297F467A0066429F /* SwiftUIFontIcon */; };
		F25160B9298029D10037597B /* TransactionListViewModel.swift in Sources */ = {isa = PBXBuildFile; fileRef = F25160B8298029D10037597B /* TransactionListViewModel.swift */; };
		F25160BB29802E3A0037597B /* RecentTransactionList.swift in Sources */ = {isa = PBXBuildFile; fileRef = F25160BA29802E3A0037597B /* RecentTransactionList.swift */; };
		F25160BD298034860037597B /* TransactionList.swift in Sources */ = {isa = PBXBuildFile; fileRef = F25160BC298034860037597B /* TransactionList.swift */; };
		F25160C0298036EB0037597B /* Collections in Frameworks */ = {isa = PBXBuildFile; productRef = F25160BF298036EB0037597B /* Collections */; };
		F25160C32980993A0037597B /* SwiftUICharts in Frameworks */ = {isa = PBXBuildFile; productRef = F25160C22980993A0037597B /* SwiftUICharts */; };
		F25160C52980A0BF0037597B /* TransactionDetailRow.swift in Sources */ = {isa = PBXBuildFile; fileRef = F25160C42980A0BF0037597B /* TransactionDetailRow.swift */; };
		F25160C72980A1AD0037597B /* TransactionView.swift in Sources */ = {isa = PBXBuildFile; fileRef = F25160C62980A1AD0037597B /* TransactionView.swift */; };
		F25160C92980A5530037597B /* CategoryRow.swift in Sources */ = {isa = PBXBuildFile; fileRef = F25160C82980A5530037597B /* CategoryRow.swift */; };
		F25160CB2980A68F0037597B /* CategoriesView.swift in Sources */ = {isa = PBXBuildFile; fileRef = F25160CA2980A68F0037597B /* CategoriesView.swift */; };
/* End PBXBuildFile section */

/* Begin PBXFileReference section */
		F24E2E37297F3E090066429F /* ExpenseTracker.app */ = {isa = PBXFileReference; explicitFileType = wrapper.application; includeInIndex = 0; path = ExpenseTracker.app; sourceTree = BUILT_PRODUCTS_DIR; };
		F24E2E3A297F3E090066429F /* ExpenseTrackerApp.swift */ = {isa = PBXFileReference; lastKnownFileType = sourcecode.swift; path = ExpenseTrackerApp.swift; sourceTree = "<group>"; };
		F24E2E3C297F3E090066429F /* ContentView.swift */ = {isa = PBXFileReference; lastKnownFileType = sourcecode.swift; path = ContentView.swift; sourceTree = "<group>"; };
		F24E2E3E297F3E0C0066429F /* Assets.xcassets */ = {isa = PBXFileReference; lastKnownFileType = folder.assetcatalog; path = Assets.xcassets; sourceTree = "<group>"; };
		F24E2E41297F3E0C0066429F /* Preview Assets.xcassets */ = {isa = PBXFileReference; lastKnownFileType = folder.assetcatalog; path = "Preview Assets.xcassets"; sourceTree = "<group>"; };
		F24E2E48297F3F8C0066429F /* Extensions.swift */ = {isa = PBXFileReference; lastKnownFileType = sourcecode.swift; path = Extensions.swift; sourceTree = "<group>"; };
		F24E2E4A297F41270066429F /* TransactionModel.swift */ = {isa = PBXFileReference; lastKnownFileType = sourcecode.swift; path = TransactionModel.swift; sourceTree = "<group>"; };
		F24E2E4C297F42040066429F /* PreviewData.swift */ = {isa = PBXFileReference; lastKnownFileType = sourcecode.swift; path = PreviewData.swift; sourceTree = "<group>"; };
		F24E2E4E297F42880066429F /* TransactionRow.swift */ = {isa = PBXFileReference; lastKnownFileType = sourcecode.swift; path = TransactionRow.swift; sourceTree = "<group>"; };
		F25160B8298029D10037597B /* TransactionListViewModel.swift */ = {isa = PBXFileReference; lastKnownFileType = sourcecode.swift; path = TransactionListViewModel.swift; sourceTree = "<group>"; };
		F25160BA29802E3A0037597B /* RecentTransactionList.swift */ = {isa = PBXFileReference; lastKnownFileType = sourcecode.swift; path = RecentTransactionList.swift; sourceTree = "<group>"; };
		F25160BC298034860037597B /* TransactionList.swift */ = {isa = PBXFileReference; lastKnownFileType = sourcecode.swift; path = TransactionList.swift; sourceTree = "<group>"; };
		F25160C42980A0BF0037597B /* TransactionDetailRow.swift */ = {isa = PBXFileReference; lastKnownFileType = sourcecode.swift; path = TransactionDetailRow.swift; sourceTree = "<group>"; };
		F25160C62980A1AD0037597B /* TransactionView.swift */ = {isa = PBXFileReference; lastKnownFileType = sourcecode.swift; path = TransactionView.swift; sourceTree = "<group>"; };
		F25160C82980A5530037597B /* CategoryRow.swift */ = {isa = PBXFileReference; lastKnownFileType = sourcecode.swift; path = CategoryRow.swift; sourceTree = "<group>"; };
		F25160CA2980A68F0037597B /* CategoriesView.swift */ = {isa = PBXFileReference; lastKnownFileType = sourcecode.swift; path = CategoriesView.swift; sourceTree = "<group>"; };
/* End PBXFileReference section */

/* Begin PBXFrameworksBuildPhase section */
		F24E2E34297F3E090066429F /* Frameworks */ = {
			isa = PBXFrameworksBuildPhase;
			buildActionMask = 2147483647;
			files = (
				F25160C32980993A0037597B /* SwiftUICharts in Frameworks */,
				F25160C0298036EB0037597B /* Collections in Frameworks */,
				F24E2E52297F467A0066429F /* SwiftUIFontIcon in Frameworks */,
			);
			runOnlyForDeploymentPostprocessing = 0;
		};
/* End PBXFrameworksBuildPhase section */

/* Begin PBXGroup section */
		F24E2E2E297F3E090066429F = {
			isa = PBXGroup;
			children = (
				F24E2E39297F3E090066429F /* ExpenseTracker */,
				F24E2E38297F3E090066429F /* Products */,
			);
			sourceTree = "<group>";
		};
		F24E2E38297F3E090066429F /* Products */ = {
			isa = PBXGroup;
			children = (
				F24E2E37297F3E090066429F /* ExpenseTracker.app */,
			);
			name = Products;
			sourceTree = "<group>";
		};
		F24E2E39297F3E090066429F /* ExpenseTracker */ = {
			isa = PBXGroup;
			children = (
				F24E2E3A297F3E090066429F /* ExpenseTrackerApp.swift */,
				F24E2E3C297F3E090066429F /* ContentView.swift */,
				F25160C42980A0BF0037597B /* TransactionDetailRow.swift */,
				F24E2E4E297F42880066429F /* TransactionRow.swift */,
				F25160B8298029D10037597B /* TransactionListViewModel.swift */,
				F25160BC298034860037597B /* TransactionList.swift */,
				F25160C62980A1AD0037597B /* TransactionView.swift */,
				F25160C82980A5530037597B /* CategoryRow.swift */,
				F25160CA2980A68F0037597B /* CategoriesView.swift */,
				F25160BA29802E3A0037597B /* RecentTransactionList.swift */,
				F24E2E4A297F41270066429F /* TransactionModel.swift */,
				F24E2E48297F3F8C0066429F /* Extensions.swift */,
				F24E2E3E297F3E0C0066429F /* Assets.xcassets */,
				F24E2E40297F3E0C0066429F /* Preview Content */,
			);
			path = ExpenseTracker;
			sourceTree = "<group>";
		};
		F24E2E40297F3E0C0066429F /* Preview Content */ = {
			isa = PBXGroup;
			children = (
				F24E2E41297F3E0C0066429F /* Preview Assets.xcassets */,
				F24E2E4C297F42040066429F /* PreviewData.swift */,
			);
			path = "Preview Content";
			sourceTree = "<group>";
		};
/* End PBXGroup section */

/* Begin PBXNativeTarget section */
		F24E2E36297F3E090066429F /* ExpenseTracker */ = {
			isa = PBXNativeTarget;
			buildConfigurationList = F24E2E45297F3E0C0066429F /* Build configuration list for PBXNativeTarget "ExpenseTracker" */;
			buildPhases = (
				F24E2E33297F3E090066429F /* Sources */,
				F24E2E34297F3E090066429F /* Frameworks */,
				F24E2E35297F3E090066429F /* Resources */,
			);
			buildRules = (
			);
			dependencies = (
			);
			name = ExpenseTracker;
			packageProductDependencies = (
				F24E2E51297F467A0066429F /* SwiftUIFontIcon */,
				F25160BF298036EB0037597B /* Collections */,
				F25160C22980993A0037597B /* SwiftUICharts */,
			);
			productName = ExpenseTracker;
			productReference = F24E2E37297F3E090066429F /* ExpenseTracker.app */;
			productType = "com.apple.product-type.application";
		};
/* End PBXNativeTarget section */

/* Begin PBXProject section */
		F24E2E2F297F3E090066429F /* Project object */ = {
			isa = PBXProject;
			attributes = {
				BuildIndependentTargetsInParallel = 1;
				LastSwiftUpdateCheck = 1420;
				LastUpgradeCheck = 1420;
				TargetAttributes = {
					F24E2E36297F3E090066429F = {
						CreatedOnToolsVersion = 14.2;
					};
				};
			};
			buildConfigurationList = F24E2E32297F3E090066429F /* Build configuration list for PBXProject "ExpenseTracker" */;
			compatibilityVersion = "Xcode 14.0";
			developmentRegion = en;
			hasScannedForEncodings = 0;
			knownRegions = (
				en,
				Base,
			);
			mainGroup = F24E2E2E297F3E090066429F;
			packageReferences = (
				F24E2E50297F467A0066429F /* XCRemoteSwiftPackageReference "SwiftUIFontIcon" */,
				F25160BE298036EB0037597B /* XCRemoteSwiftPackageReference "swift-collections" */,
				F25160C12980993A0037597B /* XCRemoteSwiftPackageReference "ChartView" */,
			);
			productRefGroup = F24E2E38297F3E090066429F /* Products */;
			projectDirPath = "";
			projectRoot = "";
			targets = (
				F24E2E36297F3E090066429F /* ExpenseTracker */,
			);
		};
/* End PBXProject section */

/* Begin PBXResourcesBuildPhase section */
		F24E2E35297F3E090066429F /* Resources */ = {
			isa = PBXResourcesBuildPhase;
			buildActionMask = 2147483647;
			files = (
				F24E2E42297F3E0C0066429F /* Preview Assets.xcassets in Resources */,
				F24E2E3F297F3E0C0066429F /* Assets.xcassets in Resources */,
			);
			runOnlyForDeploymentPostprocessing = 0;
		};
/* End PBXResourcesBuildPhase section */

/* Begin PBXSourcesBuildPhase section */
		F24E2E33297F3E090066429F /* Sources */ = {
			isa = PBXSourcesBuildPhase;
			buildActionMask = 2147483647;
			files = (
				F24E2E4D297F42040066429F /* PreviewData.swift in Sources */,
				F25160BD298034860037597B /* TransactionList.swift in Sources */,
				F25160BB29802E3A0037597B /* RecentTransactionList.swift in Sources */,
				F24E2E4B297F41270066429F /* TransactionModel.swift in Sources */,
				F25160C52980A0BF0037597B /* TransactionDetailRow.swift in Sources */,
				F25160C72980A1AD0037597B /* TransactionView.swift in Sources */,
				F25160CB2980A68F0037597B /* CategoriesView.swift in Sources */,
				F24E2E3D297F3E090066429F /* ContentView.swift in Sources */,
				F24E2E4F297F42880066429F /* TransactionRow.swift in Sources */,
				F24E2E49297F3F8C0066429F /* Extensions.swift in Sources */,
				F25160B9298029D10037597B /* TransactionListViewModel.swift in Sources */,
				F25160C92980A5530037597B /* CategoryRow.swift in Sources */,
				F24E2E3B297F3E090066429F /* ExpenseTrackerApp.swift in Sources */,
			);
			runOnlyForDeploymentPostprocessing = 0;
		};
/* End PBXSourcesBuildPhase section */

/* Begin XCBuildConfiguration section */
		F24E2E43297F3E0C0066429F /* Debug */ = {
			isa = XCBuildConfiguration;
			buildSettings = {
				ALWAYS_SEARCH_USER_PATHS = NO;
				CLANG_ANALYZER_NONNULL = YES;
				CLANG_ANALYZER_NUMBER_OBJECT_CONVERSION = YES_AGGRESSIVE;
				CLANG_CXX_LANGUAGE_STANDARD = "gnu++20";
				CLANG_ENABLE_MODULES = YES;
				CLANG_ENABLE_OBJC_ARC = YES;
				CLANG_ENABLE_OBJC_WEAK = YES;
				CLANG_WARN_BLOCK_CAPTURE_AUTORELEASING = YES;
				CLANG_WARN_BOOL_CONVERSION = YES;
				CLANG_WARN_COMMA = YES;
				CLANG_WARN_CONSTANT_CONVERSION = YES;
				CLANG_WARN_DEPRECATED_OBJC_IMPLEMENTATIONS = YES;
				CLANG_WARN_DIRECT_OBJC_ISA_USAGE = YES_ERROR;
				CLANG_WARN_DOCUMENTATION_COMMENTS = YES;
				CLANG_WARN_EMPTY_BODY = YES;
				CLANG_WARN_ENUM_CONVERSION = YES;
				CLANG_WARN_INFINITE_RECURSION = YES;
				CLANG_WARN_INT_CONVERSION = YES;
				CLANG_WARN_NON_LITERAL_NULL_CONVERSION = YES;
				CLANG_WARN_OBJC_IMPLICIT_RETAIN_SELF = YES;
				CLANG_WARN_OBJC_LITERAL_CONVERSION = YES;
				CLANG_WARN_OBJC_ROOT_CLASS = YES_ERROR;
				CLANG_WARN_QUOTED_INCLUDE_IN_FRAMEWORK_HEADER = YES;
				CLANG_WARN_RANGE_LOOP_ANALYSIS = YES;
				CLANG_WARN_STRICT_PROTOTYPES = YES;
				CLANG_WARN_SUSPICIOUS_MOVE = YES;
				CLANG_WARN_UNGUARDED_AVAILABILITY = YES_AGGRESSIVE;
				CLANG_WARN_UNREACHABLE_CODE = YES;
				CLANG_WARN__DUPLICATE_METHOD_MATCH = YES;
				COPY_PHASE_STRIP = NO;
				DEBUG_INFORMATION_FORMAT = dwarf;
				ENABLE_STRICT_OBJC_MSGSEND = YES;
				ENABLE_TESTABILITY = YES;
				GCC_C_LANGUAGE_STANDARD = gnu11;
				GCC_DYNAMIC_NO_PIC = NO;
				GCC_NO_COMMON_BLOCKS = YES;
				GCC_OPTIMIZATION_LEVEL = 0;
				GCC_PREPROCESSOR_DEFINITIONS = (
					"DEBUG=1",
					"$(inherited)",
				);
				GCC_WARN_64_TO_32_BIT_CONVERSION = YES;
				GCC_WARN_ABOUT_RETURN_TYPE = YES_ERROR;
				GCC_WARN_UNDECLARED_SELECTOR = YES;
				GCC_WARN_UNINITIALIZED_AUTOS = YES_AGGRESSIVE;
				GCC_WARN_UNUSED_FUNCTION = YES;
				GCC_WARN_UNUSED_VARIABLE = YES;
				IPHONEOS_DEPLOYMENT_TARGET = 16.2;
				MTL_ENABLE_DEBUG_INFO = INCLUDE_SOURCE;
				MTL_FAST_MATH = YES;
				ONLY_ACTIVE_ARCH = YES;
				SDKROOT = iphoneos;
				SWIFT_ACTIVE_COMPILATION_CONDITIONS = DEBUG;
				SWIFT_OPTIMIZATION_LEVEL = "-Onone";
			};
			name = Debug;
		};
		F24E2E44297F3E0C0066429F /* Release */ = {
			isa = XCBuildConfiguration;
			buildSettings = {
				ALWAYS_SEARCH_USER_PATHS = NO;
				CLANG_ANALYZER_NONNULL = YES;
				CLANG_ANALYZER_NUMBER_OBJECT_CONVERSION = YES_AGGRESSIVE;
				CLANG_CXX_LANGUAGE_STANDARD = "gnu++20";
				CLANG_ENABLE_MODULES = YES;
				CLANG_ENABLE_OBJC_ARC = YES;
				CLANG_ENABLE_OBJC_WEAK = YES;
				CLANG_WARN_BLOCK_CAPTURE_AUTORELEASING = YES;
				CLANG_WARN_BOOL_CONVERSION = YES;
				CLANG_WARN_COMMA = YES;
				CLANG_WARN_CONSTANT_CONVERSION = YES;
				CLANG_WARN_DEPRECATED_OBJC_IMPLEMENTATIONS = YES;
				CLANG_WARN_DIRECT_OBJC_ISA_USAGE = YES_ERROR;
				CLANG_WARN_DOCUMENTATION_COMMENTS = YES;
				CLANG_WARN_EMPTY_BODY = YES;
				CLANG_WARN_ENUM_CONVERSION = YES;
				CLANG_WARN_INFINITE_RECURSION = YES;
				CLANG_WARN_INT_CONVERSION = YES;
				CLANG_WARN_NON_LITERAL_NULL_CONVERSION = YES;
				CLANG_WARN_OBJC_IMPLICIT_RETAIN_SELF = YES;
				CLANG_WARN_OBJC_LITERAL_CONVERSION = YES;
				CLANG_WARN_OBJC_ROOT_CLASS = YES_ERROR;
				CLANG_WARN_QUOTED_INCLUDE_IN_FRAMEWORK_HEADER = YES;
				CLANG_WARN_RANGE_LOOP_ANALYSIS = YES;
				CLANG_WARN_STRICT_PROTOTYPES = YES;
				CLANG_WARN_SUSPICIOUS_MOVE = YES;
				CLANG_WARN_UNGUARDED_AVAILABILITY = YES_AGGRESSIVE;
				CLANG_WARN_UNREACHABLE_CODE = YES;
				CLANG_WARN__DUPLICATE_METHOD_MATCH = YES;
				COPY_PHASE_STRIP = NO;
				DEBUG_INFORMATION_FORMAT = "dwarf-with-dsym";
				ENABLE_NS_ASSERTIONS = NO;
				ENABLE_STRICT_OBJC_MSGSEND = YES;
				GCC_C_LANGUAGE_STANDARD = gnu11;
				GCC_NO_COMMON_BLOCKS = YES;
				GCC_WARN_64_TO_32_BIT_CONVERSION = YES;
				GCC_WARN_ABOUT_RETURN_TYPE = YES_ERROR;
				GCC_WARN_UNDECLARED_SELECTOR = YES;
				GCC_WARN_UNINITIALIZED_AUTOS = YES_AGGRESSIVE;
				GCC_WARN_UNUSED_FUNCTION = YES;
				GCC_WARN_UNUSED_VARIABLE = YES;
				IPHONEOS_DEPLOYMENT_TARGET = 16.2;
				MTL_ENABLE_DEBUG_INFO = NO;
				MTL_FAST_MATH = YES;
				SDKROOT = iphoneos;
				SWIFT_COMPILATION_MODE = wholemodule;
				SWIFT_OPTIMIZATION_LEVEL = "-O";
				VALIDATE_PRODUCT = YES;
			};
			name = Release;
		};
		F24E2E46297F3E0C0066429F /* Debug */ = {
			isa = XCBuildConfiguration;
			buildSettings = {
				ASSETCATALOG_COMPILER_APPICON_NAME = AppIcon;
				ASSETCATALOG_COMPILER_GLOBAL_ACCENT_COLOR_NAME = AccentColor;
				CODE_SIGN_STYLE = Automatic;
				CURRENT_PROJECT_VERSION = 1;
				DEVELOPMENT_ASSET_PATHS = "\"ExpenseTracker/Preview Content\"";
				DEVELOPMENT_TEAM = 8W3WXR362E;
				ENABLE_PREVIEWS = YES;
				GENERATE_INFOPLIST_FILE = YES;
				INFOPLIST_KEY_UIApplicationSceneManifest_Generation = YES;
				INFOPLIST_KEY_UIApplicationSupportsIndirectInputEvents = YES;
				INFOPLIST_KEY_UILaunchScreen_Generation = YES;
				INFOPLIST_KEY_UISupportedInterfaceOrientations_iPad = "UIInterfaceOrientationPortrait UIInterfaceOrientationPortraitUpsideDown UIInterfaceOrientationLandscapeLeft UIInterfaceOrientationLandscapeRight";
				INFOPLIST_KEY_UISupportedInterfaceOrientations_iPhone = "UIInterfaceOrientationPortrait UIInterfaceOrientationLandscapeLeft UIInterfaceOrientationLandscapeRight";
				LD_RUNPATH_SEARCH_PATHS = (
					"$(inherited)",
					"@executable_path/Frameworks",
				);
				MARKETING_VERSION = 1.0;
				PRODUCT_BUNDLE_IDENTIFIER = com.JRApps.ExpenseTracker;
				PRODUCT_NAME = "$(TARGET_NAME)";
				SWIFT_EMIT_LOC_STRINGS = YES;
				SWIFT_VERSION = 5.0;
				TARGETED_DEVICE_FAMILY = "1,2";
			};
			name = Debug;
		};
		F24E2E47297F3E0C0066429F /* Release */ = {
			isa = XCBuildConfiguration;
			buildSettings = {
				ASSETCATALOG_COMPILER_APPICON_NAME = AppIcon;
				ASSETCATALOG_COMPILER_GLOBAL_ACCENT_COLOR_NAME = AccentColor;
				CODE_SIGN_STYLE = Automatic;
				CURRENT_PROJECT_VERSION = 1;
				DEVELOPMENT_ASSET_PATHS = "\"ExpenseTracker/Preview Content\"";
				DEVELOPMENT_TEAM = 8W3WXR362E;
				ENABLE_PREVIEWS = YES;
				GENERATE_INFOPLIST_FILE = YES;
				INFOPLIST_KEY_UIApplicationSceneManifest_Generation = YES;
				INFOPLIST_KEY_UIApplicationSupportsIndirectInputEvents = YES;
				INFOPLIST_KEY_UILaunchScreen_Generation = YES;
				INFOPLIST_KEY_UISupportedInterfaceOrientations_iPad = "UIInterfaceOrientationPortrait UIInterfaceOrientationPortraitUpsideDown UIInterfaceOrientationLandscapeLeft UIInterfaceOrientationLandscapeRight";
				INFOPLIST_KEY_UISupportedInterfaceOrientations_iPhone = "UIInterfaceOrientationPortrait UIInterfaceOrientationLandscapeLeft UIInterfaceOrientationLandscapeRight";
				LD_RUNPATH_SEARCH_PATHS = (
					"$(inherited)",
					"@executable_path/Frameworks",
				);
				MARKETING_VERSION = 1.0;
				PRODUCT_BUNDLE_IDENTIFIER = com.JRApps.ExpenseTracker;
				PRODUCT_NAME = "$(TARGET_NAME)";
				SWIFT_EMIT_LOC_STRINGS = YES;
				SWIFT_VERSION = 5.0;
				TARGETED_DEVICE_FAMILY = "1,2";
			};
			name = Release;
		};
/* End XCBuildConfiguration section */

/* Begin XCConfigurationList section */
		F24E2E32297F3E090066429F /* Build configuration list for PBXProject "ExpenseTracker" */ = {
			isa = XCConfigurationList;
			buildConfigurations = (
				F24E2E43297F3E0C0066429F /* Debug */,
				F24E2E44297F3E0C0066429F /* Release */,
			);
			defaultConfigurationIsVisible = 0;
			defaultConfigurationName = Release;
		};
		F24E2E45297F3E0C0066429F /* Build configuration list for PBXNativeTarget "ExpenseTracker" */ = {
			isa = XCConfigurationList;
			buildConfigurations = (
				F24E2E46297F3E0C0066429F /* Debug */,
				F24E2E47297F3E0C0066429F /* Release */,
			);
			defaultConfigurationIsVisible = 0;
			defaultConfigurationName = Release;
		};
/* End XCConfigurationList section */

/* Begin XCRemoteSwiftPackageReference section */
		F24E2E50297F467A0066429F /* XCRemoteSwiftPackageReference "SwiftUIFontIcon" */ = {
			isa = XCRemoteSwiftPackageReference;
			repositoryURL = "https://github.com/huybuidac/SwiftUIFontIcon";
			requirement = {
				branch = master;
				kind = branch;
			};
		};
		F25160BE298036EB0037597B /* XCRemoteSwiftPackageReference "swift-collections" */ = {
			isa = XCRemoteSwiftPackageReference;
			repositoryURL = "https://github.com/apple/swift-collections.git";
			requirement = {
				kind = upToNextMajorVersion;
				minimumVersion = 1.0.2;
			};
		};
		F25160C12980993A0037597B /* XCRemoteSwiftPackageReference "ChartView" */ = {
			isa = XCRemoteSwiftPackageReference;
			repositoryURL = "https://github.com/AppPear/ChartView";
			requirement = {
				kind = exactVersion;
				version = "2.0.0-beta.2";
			};
		};
/* End XCRemoteSwiftPackageReference section */

/* Begin XCSwiftPackageProductDependency section */
		F24E2E51297F467A0066429F /* SwiftUIFontIcon */ = {
			isa = XCSwiftPackageProductDependency;
			package = F24E2E50297F467A0066429F /* XCRemoteSwiftPackageReference "SwiftUIFontIcon" */;
			productName = SwiftUIFontIcon;
		};
		F25160BF298036EB0037597B /* Collections */ = {
			isa = XCSwiftPackageProductDependency;
			package = F25160BE298036EB0037597B /* XCRemoteSwiftPackageReference "swift-collections" */;
			productName = Collections;
		};
		F25160C22980993A0037597B /* SwiftUICharts */ = {
			isa = XCSwiftPackageProductDependency;
			package = F25160C12980993A0037597B /* XCRemoteSwiftPackageReference "ChartView" */;
			productName = SwiftUICharts;
		};
/* End XCSwiftPackageProductDependency section */
	};
	rootObject = F24E2E2F297F3E090066429F /* Project object */;
}
